
Microsoft Visual Studio Solution File, Format Version 12.00
# Visual Studio Version 17
VisualStudioVersion = 17.13.35931.197
MinimumVisualStudioVersion = 10.0.40219.1
Project("{FAE04EC0-301F-11D3-BF4B-00C04F79EFBC}") = "FoodRecommendationSystem", "FoodRecommendationSystem.csproj", "{77F592F4-D359-42FF-B1BA-CA0CA7A0B6D2}"
EndProject
Project("{FAE04EC0-301F-11D3-BF4B-00C04F79EFBC}") = "FoodRecommendationSystem.Core", "..\FoodRecommendationSystem.Core\FoodRecommendationSystem.Core.csproj", "{630EC813-7A18-4603-8BE3-6C2A9A3EECAD}"
EndProject
Project("{FAE04EC0-301F-11D3-BF4B-00C04F79EFBC}") = "FoodRecommendationSystem.DAL", "..\FoodRecommendationSystem.DAL\FoodRecommendationSystem.DAL.csproj", "{6AEA680F-D5F3-49FE-89C3-13A54C3DB88E}"
EndProject
Project("{FAE04EC0-301F-11D3-BF4B-00C04F79EFBC}") = "FoodRecommendationSystem.Services", "..\FoodRecommendationSystem.Services\FoodRecommendationSystem.Services.csproj", "{E0D9D5AC-48D9-4120-8688-269A00DECE42}"
EndProject
Global
	GlobalSection(SolutionConfigurationPlatforms) = preSolution
		Debug|Any CPU = Debug|Any CPU
		Release|Any CPU = Release|Any CPU
	EndGlobalSection
	GlobalSection(ProjectConfigurationPlatforms) = postSolution
		{77F592F4-D359-42FF-B1BA-CA0CA7A0B6D2}.Debug|Any CPU.ActiveCfg = Debug|Any CPU
		{77F592F4-D359-42FF-B1BA-CA0CA7A0B6D2}.Debug|Any CPU.Build.0 = Debug|Any CPU
		{77F592F4-D359-42FF-B1BA-CA0CA7A0B6D2}.Release|Any CPU.ActiveCfg = Release|Any CPU
		{77F592F4-D359-42FF-B1BA-CA0CA7A0B6D2}.Release|Any CPU.Build.0 = Release|Any CPU
		{630EC813-7A18-4603-8BE3-6C2A9A3EECAD}.Debug|Any CPU.ActiveCfg = Debug|Any CPU
		{630EC813-7A18-4603-8BE3-6C2A9A3EECAD}.Debug|Any CPU.Build.0 = Debug|Any CPU
		{630EC813-7A18-4603-8BE3-6C2A9A3EECAD}.Release|Any CPU.ActiveCfg = Release|Any CPU
		{630EC813-7A18-4603-8BE3-6C2A9A3EECAD}.Release|Any CPU.Build.0 = Release|Any CPU
		{6AEA680F-D5F3-49FE-89C3-13A54C3DB88E}.Debug|Any CPU.ActiveCfg = Debug|Any CPU
		{6AEA680F-D5F3-49FE-89C3-13A54C3DB88E}.Debug|Any CPU.Build.0 = Debug|Any CPU
		{6AEA680F-D5F3-49FE-89C3-13A54C3DB88E}.Release|Any CPU.ActiveCfg = Release|Any CPU
		{6AEA680F-D5F3-49FE-89C3-13A54C3DB88E}.Release|Any CPU.Build.0 = Release|Any CPU
		{E0D9D5AC-48D9-4120-8688-269A00DECE42}.Debug|Any CPU.ActiveCfg = Debug|Any CPU
		{E0D9D5AC-48D9-4120-8688-269A00DECE42}.Debug|Any CPU.Build.0 = Debug|Any CPU
		{E0D9D5AC-48D9-4120-8688-269A00DECE42}.Release|Any CPU.ActiveCfg = Release|Any CPU
		{E0D9D5AC-48D9-4120-8688-269A00DECE42}.Release|Any CPU.Build.0 = Release|Any CPU
	EndGlobalSection
	GlobalSection(SolutionProperties) = preSolution
		HideSolutionNode = FALSE
	EndGlobalSection
	GlobalSection(ExtensibilityGlobals) = postSolution
		SolutionGuid = {E2001E10-05DA-45EC-B17C-7F897978EBA1}
	EndGlobalSection
EndGlobal
